// !$*UTF8*$!
{
	archiveVersion = 1;
	classes = {
	};
	objectVersion = 46;
	objects = {

/* Begin PBXBuildFile section */
		ADA3E48F19C4E308004C05E5 /* AppDelegate.swift in Sources */ = {isa = PBXBuildFile; fileRef = ADA3E48E19C4E308004C05E5 /* AppDelegate.swift */; };
		ADA3E49119C4E308004C05E5 /* ViewController.swift in Sources */ = {isa = PBXBuildFile; fileRef = ADA3E49019C4E308004C05E5 /* ViewController.swift */; };
		ADA3E49419C4E308004C05E5 /* Main.storyboard in Resources */ = {isa = PBXBuildFile; fileRef = ADA3E49219C4E308004C05E5 /* Main.storyboard */; };
		ADA3E49619C4E309004C05E5 /* Images.xcassets in Resources */ = {isa = PBXBuildFile; fileRef = ADA3E49519C4E309004C05E5 /* Images.xcassets */; };
		ADA3E4A219C4E309004C05E5 /* PostcardTests.swift in Sources */ = {isa = PBXBuildFile; fileRef = ADA3E4A119C4E309004C05E5 /* PostcardTests.swift */; };
/* End PBXBuildFile section */

/* Begin PBXContainerItemProxy section */
		ADA3E49C19C4E309004C05E5 /* PBXContainerItemProxy */ = {
			isa = PBXContainerItemProxy;
			containerPortal = ADA3E48119C4E308004C05E5 /* Project object */;
			proxyType = 1;
			remoteGlobalIDString = ADA3E48819C4E308004C05E5;
			remoteInfo = Postcard;
		};
/* End PBXContainerItemProxy section */

/* Begin PBXFileReference section */
		ADA3E48919C4E308004C05E5 /* Postcard.app */ = {isa = PBXFileReference; explicitFileType = wrapper.application; includeInIndex = 0; path = Postcard.app; sourceTree = BUILT_PRODUCTS_DIR; };
		ADA3E48D19C4E308004C05E5 /* Info.plist */ = {isa = PBXFileReference; lastKnownFileType = text.plist.xml; path = Info.plist; sourceTree = "<group>"; };
		ADA3E48E19C4E308004C05E5 /* AppDelegate.swift */ = {isa = PBXFileReference; lastKnownFileType = sourcecode.swift; path = AppDelegate.swift; sourceTree = "<group>"; };
		ADA3E49019C4E308004C05E5 /* ViewController.swift */ = {isa = PBXFileReference; lastKnownFileType = sourcecode.swift; path = ViewController.swift; sourceTree = "<group>"; };
		ADA3E49319C4E308004C05E5 /* Base */ = {isa = PBXFileReference; lastKnownFileType = file.storyboard; name = Base; path = Base.lproj/Main.storyboard; sourceTree = "<group>"; };
		ADA3E49519C4E309004C05E5 /* Images.xcassets */ = {isa = PBXFileReference; lastKnownFileType = folder.assetcatalog; path = Images.xcassets; sourceTree = "<group>"; };
		ADA3E49B19C4E309004C05E5 /* PostcardTests.xctest */ = {isa = PBXFileReference; explicitFileType = wrapper.cfbundle; includeInIndex = 0; path = PostcardTests.xctest; sourceTree = BUILT_PRODUCTS_DIR; };
		ADA3E4A019C4E309004C05E5 /* Info.plist */ = {isa = PBXFileReference; lastKnownFileType = text.plist.xml; path = Info.plist; sourceTree = "<group>"; };
		ADA3E4A119C4E309004C05E5 /* PostcardTests.swift */ = {isa = PBXFileReference; lastKnownFileType = sourcecode.swift; path = PostcardTests.swift; sourceTree = "<group>"; };
/* End PBXFileReference section */

/* Begin PBXFrameworksBuildPhase section */
		ADA3E48619C4E308004C05E5 /* Frameworks */ = {
			isa = PBXFrameworksBuildPhase;
			buildActionMask = 2147483647;
			files = (
			);
			runOnlyForDeploymentPostprocessing = 0;
		};
		ADA3E49819C4E309004C05E5 /* Frameworks */ = {
			isa = PBXFrameworksBuildPhase;
			buildActionMask = 2147483647;
			files = (
			);
			runOnlyForDeploymentPostprocessing = 0;
		};
/* End PBXFrameworksBuildPhase section */

/* Begin PBXGroup section */
		ADA3E48019C4E308004C05E5 = {
			isa = PBXGroup;
			children = (
				ADA3E48B19C4E308004C05E5 /* Postcard */,
				ADA3E49E19C4E309004C05E5 /* PostcardTests */,
				ADA3E48A19C4E308004C05E5 /* Products */,
			);
			sourceTree = "<group>";
		};
		ADA3E48A19C4E308004C05E5 /* Products */ = {
			isa = PBXGroup;
			children = (
				ADA3E48919C4E308004C05E5 /* Postcard.app */,
				ADA3E49B19C4E309004C05E5 /* PostcardTests.xctest */,
			);
			name = Products;
			sourceTree = "<group>";
		};
		ADA3E48B19C4E308004C05E5 /* Postcard */ = {
			isa = PBXGroup;
			children = (
				ADA3E48E19C4E308004C05E5 /* AppDelegate.swift */,
				ADA3E49019C4E308004C05E5 /* ViewController.swift */,
				ADA3E49219C4E308004C05E5 /* Main.storyboard */,
				ADA3E49519C4E309004C05E5 /* Images.xcassets */,
				ADA3E48C19C4E308004C05E5 /* Supporting Files */,
			);
			path = Postcard;
			sourceTree = "<group>";
		};
		ADA3E48C19C4E308004C05E5 /* Supporting Files */ = {
			isa = PBXGroup;
			children = (
				ADA3E48D19C4E308004C05E5 /* Info.plist */,
			);
			name = "Supporting Files";
			sourceTree = "<group>";
		};
		ADA3E49E19C4E309004C05E5 /* PostcardTests */ = {
			isa = PBXGroup;
			children = (
				ADA3E4A119C4E309004C05E5 /* PostcardTests.swift */,
				ADA3E49F19C4E309004C05E5 /* Supporting Files */,
			);
			path = PostcardTests;
			sourceTree = "<group>";
		};
		ADA3E49F19C4E309004C05E5 /* Supporting Files */ = {
			isa = PBXGroup;
			children = (
				ADA3E4A019C4E309004C05E5 /* Info.plist */,
			);
			name = "Supporting Files";
			sourceTree = "<group>";
		};
/* End PBXGroup section */

/* Begin PBXNativeTarget section */
		ADA3E48819C4E308004C05E5 /* Postcard */ = {
			isa = PBXNativeTarget;
			buildConfigurationList = ADA3E4A519C4E309004C05E5 /* Build configuration list for PBXNativeTarget "Postcard" */;
			buildPhases = (
				ADA3E48519C4E308004C05E5 /* Sources */,
				ADA3E48619C4E308004C05E5 /* Frameworks */,
				ADA3E48719C4E308004C05E5 /* Resources */,
			);
			buildRules = (
			);
			dependencies = (
			);
			name = Postcard;
			productName = Postcard;
			productReference = ADA3E48919C4E308004C05E5 /* Postcard.app */;
			productType = "com.apple.product-type.application";
		};
		ADA3E49A19C4E309004C05E5 /* PostcardTests */ = {
			isa = PBXNativeTarget;
			buildConfigurationList = ADA3E4A819C4E309004C05E5 /* Build configuration list for PBXNativeTarget "PostcardTests" */;
			buildPhases = (
				ADA3E49719C4E309004C05E5 /* Sources */,
				ADA3E49819C4E309004C05E5 /* Frameworks */,
				ADA3E49919C4E309004C05E5 /* Resources */,
			);
			buildRules = (
			);
			dependencies = (
				ADA3E49D19C4E309004C05E5 /* PBXTargetDependency */,
			);
			name = PostcardTests;
			productName = PostcardTests;
			productReference = ADA3E49B19C4E309004C05E5 /* PostcardTests.xctest */;
			productType = "com.apple.product-type.bundle.unit-test";
		};
/* End PBXNativeTarget section */

/* Begin PBXProject section */
		ADA3E48119C4E308004C05E5 /* Project object */ = {
			isa = PBXProject;
			attributes = {
				LastUpgradeCheck = 0600;
				ORGANIZATIONNAME = djgCreations;
				TargetAttributes = {
					ADA3E48819C4E308004C05E5 = {
						CreatedOnToolsVersion = 6.0;
					};
					ADA3E49A19C4E309004C05E5 = {
						CreatedOnToolsVersion = 6.0;
						TestTargetID = ADA3E48819C4E308004C05E5;
					};
				};
			};
			buildConfigurationList = ADA3E48419C4E308004C05E5 /* Build configuration list for PBXProject "Postcard" */;
			compatibilityVersion = "Xcode 3.2";
			developmentRegion = English;
			hasScannedForEncodings = 0;
			knownRegions = (
				en,
				Base,
			);
			mainGroup = ADA3E48019C4E308004C05E5;
			productRefGroup = ADA3E48A19C4E308004C05E5 /* Products */;
			projectDirPath = "";
			projectRoot = "";
			targets = (
				ADA3E48819C4E308004C05E5 /* Postcard */,
				ADA3E49A19C4E309004C05E5 /* PostcardTests */,
			);
		};
/* End PBXProject section */

/* Begin PBXResourcesBuildPhase section */
		ADA3E48719C4E308004C05E5 /* Resources */ = {
			isa = PBXResourcesBuildPhase;
			buildActionMask = 2147483647;
			files = (
				ADA3E49419C4E308004C05E5 /* Main.storyboard in Resources */,
				ADA3E49619C4E309004C05E5 /* Images.xcassets in Resources */,
			);
			runOnlyForDeploymentPostprocessing = 0;
		};
		ADA3E49919C4E309004C05E5 /* Resources */ = {
			isa = PBXResourcesBuildPhase;
			buildActionMask = 2147483647;
			files = (
			);
			runOnlyForDeploymentPostprocessing = 0;
		};
/* End PBXResourcesBuildPhase section */

/* Begin PBXSourcesBuildPhase section */
		ADA3E48519C4E308004C05E5 /* Sources */ = {
			isa = PBXSourcesBuildPhase;
			buildActionMask = 2147483647;
			files = (
				ADA3E49119C4E308004C05E5 /* ViewController.swift in Sources */,
				ADA3E48F19C4E308004C05E5 /* AppDelegate.swift in Sources */,
			);
			runOnlyForDeploymentPostprocessing = 0;
		};
		ADA3E49719C4E309004C05E5 /* Sources */ = {
			isa = PBXSourcesBuildPhase;
			buildActionMask = 2147483647;
			files = (
				ADA3E4A219C4E309004C05E5 /* PostcardTests.swift in Sources */,
			);
			runOnlyForDeploymentPostprocessing = 0;
		};
/* End PBXSourcesBuildPhase section */

/* Begin PBXTargetDependency section */
		ADA3E49D19C4E309004C05E5 /* PBXTargetDependency */ = {
			isa = PBXTargetDependency;
			target = ADA3E48819C4E308004C05E5 /* Postcard */;
			targetProxy = ADA3E49C19C4E309004C05E5 /* PBXContainerItemProxy */;
		};
/* End PBXTargetDependency section */

/* Begin PBXVariantGroup section */
		ADA3E49219C4E308004C05E5 /* Main.storyboard */ = {
			isa = PBXVariantGroup;
			children = (
				ADA3E49319C4E308004C05E5 /* Base */,
			);
			name = Main.storyboard;
			sourceTree = "<group>";
		};
/* End PBXVariantGroup section */

/* Begin XCBuildConfiguration section */
		ADA3E4A319C4E309004C05E5 /* Debug */ = {
			isa = XCBuildConfiguration;
			buildSettings = {
				ALWAYS_SEARCH_USER_PATHS = NO;
				CLANG_CXX_LANGUAGE_STANDARD = "gnu++0x";
				CLANG_CXX_LIBRARY = "libc++";
				CLANG_ENABLE_MODULES = YES;
				CLANG_ENABLE_OBJC_ARC = YES;
				CLANG_WARN_BOOL_CONVERSION = YES;
				CLANG_WARN_CONSTANT_CONVERSION = YES;
				CLANG_WARN_DIRECT_OBJC_ISA_USAGE = YES_ERROR;
				CLANG_WARN_EMPTY_BODY = YES;
				CLANG_WARN_ENUM_CONVERSION = YES;
				CLANG_WARN_INT_CONVERSION = YES;
				CLANG_WARN_OBJC_ROOT_CLASS = YES_ERROR;
				CLANG_WARN_UNREACHABLE_CODE = YES;
				CLANG_WARN__DUPLICATE_METHOD_MATCH = YES;
				"CODE_SIGN_IDENTITY[sdk=iphoneos*]" = "iPhone Developer";
				COPY_PHASE_STRIP = NO;
				ENABLE_STRICT_OBJC_MSGSEND = YES;
				GCC_C_LANGUAGE_STANDARD = gnu99;
				GCC_DYNAMIC_NO_PIC = NO;
				GCC_OPTIMIZATION_LEVEL = 0;
				GCC_PREPROCESSOR_DEFINITIONS = (
					"DEBUG=1",
					"$(inherited)",
				);
				GCC_SYMBOLS_PRIVATE_EXTERN = NO;
				GCC_WARN_64_TO_32_BIT_CONVERSION = YES;
				GCC_WARN_ABOUT_RETURN_TYPE = YES_ERROR;
				GCC_WARN_UNDECLARED_SELECTOR = YES;
				GCC_WARN_UNINITIALIZED_AUTOS = YES_AGGRESSIVE;
				GCC_WARN_UNUSED_FUNCTION = YES;
				GCC_WARN_UNUSED_VARIABLE = YES;
				IPHONEOS_DEPLOYMENT_TARGET = 8.0;
				MTL_ENABLE_DEBUG_INFO = YES;
				ONLY_ACTIVE_ARCH = YES;
				SDKROOT = iphoneos;
				SWIFT_OPTIMIZATION_LEVEL = "-Onone";
			};
			name = Debug;
		};
		ADA3E4A419C4E309004C05E5 /* Release */ = {
			isa = XCBuildConfiguration;
			buildSettings = {
				ALWAYS_SEARCH_USER_PATHS = NO;
				CLANG_CXX_LANGUAGE_STANDARD = "gnu++0x";
				CLANG_CXX_LIBRARY = "libc++";
				CLANG_ENABLE_MODULES = YES;
				CLANG_ENABLE_OBJC_ARC = YES;
				CLANG_WARN_BOOL_CONVERSION = YES;
				CLANG_WARN_CONSTANT_CONVERSION = YES;
				CLANG_WARN_DIRECT_OBJC_ISA_USAGE = YES_ERROR;
				CLANG_WARN_EMPTY_BODY = YES;
				CLANG_WARN_ENUM_CONVERSION = YES;
				CLANG_WARN_INT_CONVERSION = YES;
				CLANG_WARN_OBJC_ROOT_CLASS = YES_ERROR;
				CLANG_WARN_UNREACHABLE_CODE = YES;
				CLANG_WARN__DUPLICATE_METHOD_MATCH = YES;
				"CODE_SIGN_IDENTITY[sdk=iphoneos*]" = "iPhone Developer";
				COPY_PHASE_STRIP = YES;
				ENABLE_NS_ASSERTIONS = NO;
				ENABLE_STRICT_OBJC_MSGSEND = YES;
				GCC_C_LANGUAGE_STANDARD = gnu99;
				GCC_WARN_64_TO_32_BIT_CONVERSION = YES;
				GCC_WARN_ABOUT_RETURN_TYPE = YES_ERROR;
				GCC_WARN_UNDECLARED_SELECTOR = YES;
				GCC_WARN_UNINITIALIZED_AUTOS = YES_AGGRESSIVE;
				GCC_WARN_UNUSED_FUNCTION = YES;
				GCC_WARN_UNUSED_VARIABLE = YES;
				IPHONEOS_DEPLOYMENT_TARGET = 8.0;
				MTL_ENABLE_DEBUG_INFO = NO;
				SDKROOT = iphoneos;
				VALIDATE_PRODUCT = YES;
			};
			name = Release;
		};
		ADA3E4A619C4E309004C05E5 /* Debug */ = {
			isa = XCBuildConfiguration;
			buildSettings = {
				ASSETCATALOG_COMPILER_APPICON_NAME = AppIcon;
				ASSETCATALOG_COMPILER_LAUNCHIMAGE_NAME = LaunchImage;
				INFOPLIST_FILE = Postcard/Info.plist;
				LD_RUNPATH_SEARCH_PATHS = "$(inherited) @executable_path/Frameworks";
				PRODUCT_NAME = "$(TARGET_NAME)";
			};
			name = Debug;
		};
		ADA3E4A719C4E309004C05E5 /* Release */ = {
			isa = XCBuildConfiguration;
			buildSettings = {
				ASSETCATALOG_COMPILER_APPICON_NAME = AppIcon;
				ASSETCATALOG_COMPILER_LAUNCHIMAGE_NAME = LaunchImage;
				INFOPLIST_FILE = Postcard/Info.plist;
				LD_RUNPATH_SEARCH_PATHS = "$(inherited) @executable_path/Frameworks";
				PRODUCT_NAME = "$(TARGET_NAME)";
			};
			name = Release;
		};
		ADA3E4A919C4E309004C05E5 /* Debug */ = {
			isa = XCBuildConfiguration;
			buildSettings = {
				BUNDLE_LOADER = "$(BUILT_PRODUCTS_DIR)/Postcard.app/Postcard";
				FRAMEWORK_SEARCH_PATHS = (
					"$(SDKROOT)/Developer/Library/Frameworks",
					"$(inherited)",
				);
				GCC_PREPROCESSOR_DEFINITIONS = (
					"DEBUG=1",
					"$(inherited)",
				);
				INFOPLIST_FILE = PostcardTests/Info.plist;
				LD_RUNPATH_SEARCH_PATHS = "$(inherited) @executable_path/Frameworks @loader_path/Frameworks";
				PRODUCT_NAME = "$(TARGET_NAME)";
				TEST_HOST = "$(BUNDLE_LOADER)";
			};
			name = Debug;
		};
		ADA3E4AA19C4E309004C05E5 /* Release */ = {
			isa = XCBuildConfiguration;
			buildSettings = {
				BUNDLE_LOADER = "$(BUILT_PRODUCTS_DIR)/Postcard.app/Postcard";
				FRAMEWORK_SEARCH_PATHS = (
					"$(SDKROOT)/Developer/Library/Frameworks",
					"$(inherited)",
				);
				INFOPLIST_FILE = PostcardTests/Info.plist;
				LD_RUNPATH_SEARCH_PATHS = "$(inherited) @executable_path/Frameworks @loader_path/Frameworks";
				PRODUCT_NAME = "$(TARGET_NAME)";
				TEST_HOST = "$(BUNDLE_LOADER)";
			};
			name = Release;
		};
/* End XCBuildConfiguration section */

/* Begin XCConfigurationList section */
		ADA3E48419C4E308004C05E5 /* Build configuration list for PBXProject "Postcard" */ = {
			isa = XCConfigurationList;
			buildConfigurations = (
				ADA3E4A319C4E309004C05E5 /* Debug */,
				ADA3E4A419C4E309004C05E5 /* Release */,
			);
			defaultConfigurationIsVisible = 0;
			defaultConfigurationName = Release;
		};
		ADA3E4A519C4E309004C05E5 /* Build configuration list for PBXNativeTarget "Postcard" */ = {
			isa = XCConfigurationList;
			buildConfigurations = (
				ADA3E4A619C4E309004C05E5 /* Debug */,
				ADA3E4A719C4E309004C05E5 /* Release */,
			);
			defaultConfigurationIsVisible = 0;
		};
		ADA3E4A819C4E309004C05E5 /* Build configuration list for PBXNativeTarget "PostcardTests" */ = {
			isa = XCConfigurationList;
			buildConfigurations = (
				ADA3E4A919C4E309004C05E5 /* Debug */,
				ADA3E4AA19C4E309004C05E5 /* Release */,
			);
			defaultConfigurationIsVisible = 0;
		};
/* End XCConfigurationList section */
	};
	rootObject = ADA3E48119C4E308004C05E5 /* Project object */;
}
